
Microsoft Visual Studio Solution File, Format Version 12.00
# Visual Studio 15
VisualStudioVersion = 15.0.26124.0
MinimumVisualStudioVersion = 15.0.26124.0
Project("{FAE04EC0-301F-11D3-BF4B-00C04F79EFBC}") = "WritRead", "WritRead\WritRead.csproj", "{44F90458-B201-48FC-87BB-4E478D5BC8E9}"
EndProject
Project("{2150E333-8FDC-42A3-9474-1A3956D46DE8}") = "tests", "tests", "{940C5FC2-50E1-42B7-B03A-42E263D87402}"
EndProject
Project("{FAE04EC0-301F-11D3-BF4B-00C04F79EFBC}") = "UnitTests", "tests\UnitTests\UnitTests.csproj", "{416AD960-0BA7-46D2-871C-F1031F3C7C21}"
EndProject
Global
	GlobalSection(SolutionConfigurationPlatforms) = preSolution
		Debug|Any CPU = Debug|Any CPU
		Debug|x64 = Debug|x64
		Debug|x86 = Debug|x86
		Release|Any CPU = Release|Any CPU
		Release|x64 = Release|x64
		Release|x86 = Release|x86
	EndGlobalSection
	GlobalSection(SolutionProperties) = preSolution
		HideSolutionNode = FALSE
	EndGlobalSection
	GlobalSection(ProjectConfigurationPlatforms) = postSolution
		{44F90458-B201-48FC-87BB-4E478D5BC8E9}.Debug|Any CPU.ActiveCfg = Debug|Any CPU
		{44F90458-B201-48FC-87BB-4E478D5BC8E9}.Debug|Any CPU.Build.0 = Debug|Any CPU
		{44F90458-B201-48FC-87BB-4E478D5BC8E9}.Debug|x64.ActiveCfg = Debug|Any CPU
		{44F90458-B201-48FC-87BB-4E478D5BC8E9}.Debug|x64.Build.0 = Debug|Any CPU
		{44F90458-B201-48FC-87BB-4E478D5BC8E9}.Debug|x86.ActiveCfg = Debug|Any CPU
		{44F90458-B201-48FC-87BB-4E478D5BC8E9}.Debug|x86.Build.0 = Debug|Any CPU
		{44F90458-B201-48FC-87BB-4E478D5BC8E9}.Release|Any CPU.ActiveCfg = Release|Any CPU
		{44F90458-B201-48FC-87BB-4E478D5BC8E9}.Release|Any CPU.Build.0 = Release|Any CPU
		{44F90458-B201-48FC-87BB-4E478D5BC8E9}.Release|x64.ActiveCfg = Release|Any CPU
		{44F90458-B201-48FC-87BB-4E478D5BC8E9}.Release|x64.Build.0 = Release|Any CPU
		{44F90458-B201-48FC-87BB-4E478D5BC8E9}.Release|x86.ActiveCfg = Release|Any CPU
		{44F90458-B201-48FC-87BB-4E478D5BC8E9}.Release|x86.Build.0 = Release|Any CPU
		{416AD960-0BA7-46D2-871C-F1031F3C7C21}.Debug|Any CPU.ActiveCfg = Debug|Any CPU
		{416AD960-0BA7-46D2-871C-F1031F3C7C21}.Debug|Any CPU.Build.0 = Debug|Any CPU
		{416AD960-0BA7-46D2-871C-F1031F3C7C21}.Debug|x64.ActiveCfg = Debug|Any CPU
		{416AD960-0BA7-46D2-871C-F1031F3C7C21}.Debug|x64.Build.0 = Debug|Any CPU
		{416AD960-0BA7-46D2-871C-F1031F3C7C21}.Debug|x86.ActiveCfg = Debug|Any CPU
		{416AD960-0BA7-46D2-871C-F1031F3C7C21}.Debug|x86.Build.0 = Debug|Any CPU
		{416AD960-0BA7-46D2-871C-F1031F3C7C21}.Release|Any CPU.ActiveCfg = Release|Any CPU
		{416AD960-0BA7-46D2-871C-F1031F3C7C21}.Release|Any CPU.Build.0 = Release|Any CPU
		{416AD960-0BA7-46D2-871C-F1031F3C7C21}.Release|x64.ActiveCfg = Release|Any CPU
		{416AD960-0BA7-46D2-871C-F1031F3C7C21}.Release|x64.Build.0 = Release|Any CPU
		{416AD960-0BA7-46D2-871C-F1031F3C7C21}.Release|x86.ActiveCfg = Release|Any CPU
		{416AD960-0BA7-46D2-871C-F1031F3C7C21}.Release|x86.Build.0 = Release|Any CPU
	EndGlobalSection
	GlobalSection(NestedProjects) = preSolution
		{416AD960-0BA7-46D2-871C-F1031F3C7C21} = {940C5FC2-50E1-42B7-B03A-42E263D87402}
	EndGlobalSection
EndGlobal
